
Microsoft Visual Studio Solution File, Format Version 12.00
# Visual Studio Version 16
VisualStudioVersion = 16.0.29503.13
MinimumVisualStudioVersion = 10.0.40219.1
Project("{FAE04EC0-301F-11D3-BF4B-00C04F79EFBC}") = "P01_StudentSystem", "P01_StudentSystem\P01_StudentSystem.csproj", "{CDAE091D-4EAF-4C1D-BCF6-FE4502735E38}"
EndProject
Global
	GlobalSection(SolutionConfigurationPlatforms) = preSolution
		Debug|Any CPU = Debug|Any CPU
		Release|Any CPU = Release|Any CPU
	EndGlobalSection
	GlobalSection(ProjectConfigurationPlatforms) = postSolution
		{CDAE091D-4EAF-4C1D-BCF6-FE4502735E38}.Debug|Any CPU.ActiveCfg = Debug|Any CPU
		{CDAE091D-4EAF-4C1D-BCF6-FE4502735E38}.Debug|Any CPU.Build.0 = Debug|Any CPU
		{CDAE091D-4EAF-4C1D-BCF6-FE4502735E38}.Release|Any CPU.ActiveCfg = Release|Any CPU
		{CDAE091D-4EAF-4C1D-BCF6-FE4502735E38}.Release|Any CPU.Build.0 = Release|Any CPU
	EndGlobalSection
	GlobalSection(SolutionProperties) = preSolution
		HideSolutionNode = FALSE
	EndGlobalSection
	GlobalSection(ExtensibilityGlobals) = postSolution
		SolutionGuid = {5A60E937-64D5-43DB-BB8F-C8F1274F10FA}
	EndGlobalSection
EndGlobal
