
Microsoft Visual Studio Solution File, Format Version 12.00
# Visual Studio Version 16
VisualStudioVersion = 16.0.29123.88
MinimumVisualStudioVersion = 10.0.40219.1
Project("{9A19103F-16F7-4668-BE54-9A1E7A4F7556}") = "SoftUniRestaurant", "SoftUniRestaurant.csproj", "{B1796165-9DE6-4456-A0E7-A0AEAEEF2B93}"
EndProject
Global
	GlobalSection(SolutionConfigurationPlatforms) = preSolution
		Debug|Any CPU = Debug|Any CPU
		Release|Any CPU = Release|Any CPU
	EndGlobalSection
	GlobalSection(ProjectConfigurationPlatforms) = postSolution
		{B1796165-9DE6-4456-A0E7-A0AEAEEF2B93}.Debug|Any CPU.ActiveCfg = Debug|Any CPU
		{B1796165-9DE6-4456-A0E7-A0AEAEEF2B93}.Debug|Any CPU.Build.0 = Debug|Any CPU
		{B1796165-9DE6-4456-A0E7-A0AEAEEF2B93}.Release|Any CPU.ActiveCfg = Release|Any CPU
		{B1796165-9DE6-4456-A0E7-A0AEAEEF2B93}.Release|Any CPU.Build.0 = Release|Any CPU
	EndGlobalSection
	GlobalSection(SolutionProperties) = preSolution
		HideSolutionNode = FALSE
	EndGlobalSection
	GlobalSection(ExtensibilityGlobals) = postSolution
		SolutionGuid = {E4A54843-10DB-461D-95BB-F4E2E27460C4}
	EndGlobalSection
EndGlobal
