
Microsoft Visual Studio Solution File, Format Version 12.00
# Visual Studio Version 16
VisualStudioVersion = 16.0.29009.5
MinimumVisualStudioVersion = 10.0.40219.1
Project("{FAE04EC0-301F-11D3-BF4B-00C04F79EFBC}") = "SpaceshipCrafting", "AdvancedExam23June2019\SpaceshipCrafting.csproj", "{B7D49264-881B-4CD3-9D48-D5579BBA30D4}"
EndProject
Project("{9A19103F-16F7-4668-BE54-9A1E7A4F7556}") = "SpaceStationRecruitment", "02. Space Station Recruitment_Skeleton\SpaceStationRecruitment.csproj", "{41DAD524-22E4-4ECB-A99E-7FB1E07E01BC}"
EndProject
Project("{FAE04EC0-301F-11D3-BF4B-00C04F79EFBC}") = "SpaceStationEstablishment", "SpaceStationEstablishment\SpaceStationEstablishment.csproj", "{330A8150-7A18-4ECB-97E4-6B8C42F5C883}"
EndProject
Global
	GlobalSection(SolutionConfigurationPlatforms) = preSolution
		Debug|Any CPU = Debug|Any CPU
		Release|Any CPU = Release|Any CPU
	EndGlobalSection
	GlobalSection(ProjectConfigurationPlatforms) = postSolution
		{B7D49264-881B-4CD3-9D48-D5579BBA30D4}.Debug|Any CPU.ActiveCfg = Debug|Any CPU
		{B7D49264-881B-4CD3-9D48-D5579BBA30D4}.Debug|Any CPU.Build.0 = Debug|Any CPU
		{B7D49264-881B-4CD3-9D48-D5579BBA30D4}.Release|Any CPU.ActiveCfg = Release|Any CPU
		{B7D49264-881B-4CD3-9D48-D5579BBA30D4}.Release|Any CPU.Build.0 = Release|Any CPU
		{41DAD524-22E4-4ECB-A99E-7FB1E07E01BC}.Debug|Any CPU.ActiveCfg = Debug|Any CPU
		{41DAD524-22E4-4ECB-A99E-7FB1E07E01BC}.Debug|Any CPU.Build.0 = Debug|Any CPU
		{41DAD524-22E4-4ECB-A99E-7FB1E07E01BC}.Release|Any CPU.ActiveCfg = Release|Any CPU
		{41DAD524-22E4-4ECB-A99E-7FB1E07E01BC}.Release|Any CPU.Build.0 = Release|Any CPU
		{330A8150-7A18-4ECB-97E4-6B8C42F5C883}.Debug|Any CPU.ActiveCfg = Debug|Any CPU
		{330A8150-7A18-4ECB-97E4-6B8C42F5C883}.Debug|Any CPU.Build.0 = Debug|Any CPU
		{330A8150-7A18-4ECB-97E4-6B8C42F5C883}.Release|Any CPU.ActiveCfg = Release|Any CPU
		{330A8150-7A18-4ECB-97E4-6B8C42F5C883}.Release|Any CPU.Build.0 = Release|Any CPU
	EndGlobalSection
	GlobalSection(SolutionProperties) = preSolution
		HideSolutionNode = FALSE
	EndGlobalSection
	GlobalSection(ExtensibilityGlobals) = postSolution
		SolutionGuid = {EE9A549D-3CA2-4EB3-A303-1355461F82DA}
	EndGlobalSection
EndGlobal
