
Microsoft Visual Studio Solution File, Format Version 12.00
# Visual Studio Version 16
VisualStudioVersion = 16.0.29102.190
MinimumVisualStudioVersion = 10.0.40219.1
Project("{FAE04EC0-301F-11D3-BF4B-00C04F79EFBC}") = "Logger", "Logger\Logger.csproj", "{40A8A8B6-D8FF-4FA6-963D-F2CC5FBD056B}"
EndProject
Global
	GlobalSection(SolutionConfigurationPlatforms) = preSolution
		Debug|Any CPU = Debug|Any CPU
		Release|Any CPU = Release|Any CPU
	EndGlobalSection
	GlobalSection(ProjectConfigurationPlatforms) = postSolution
		{40A8A8B6-D8FF-4FA6-963D-F2CC5FBD056B}.Debug|Any CPU.ActiveCfg = Debug|Any CPU
		{40A8A8B6-D8FF-4FA6-963D-F2CC5FBD056B}.Debug|Any CPU.Build.0 = Debug|Any CPU
		{40A8A8B6-D8FF-4FA6-963D-F2CC5FBD056B}.Release|Any CPU.ActiveCfg = Release|Any CPU
		{40A8A8B6-D8FF-4FA6-963D-F2CC5FBD056B}.Release|Any CPU.Build.0 = Release|Any CPU
	EndGlobalSection
	GlobalSection(SolutionProperties) = preSolution
		HideSolutionNode = FALSE
	EndGlobalSection
	GlobalSection(ExtensibilityGlobals) = postSolution
		SolutionGuid = {C1692C93-C202-48BF-BFC3-13D8CC7CDF8A}
	EndGlobalSection
EndGlobal
