
Microsoft Visual Studio Solution File, Format Version 12.00
# Visual Studio Version 16
VisualStudioVersion = 16.0.29102.190
MinimumVisualStudioVersion = 10.0.40219.1
Project("{9A19103F-16F7-4668-BE54-9A1E7A4F7556}") = "ClassBoxData", "ClassBoxData\ClassBoxData.csproj", "{37162118-D40C-4F88-97E2-2C7D9D2272C1}"
EndProject
Project("{9A19103F-16F7-4668-BE54-9A1E7A4F7556}") = "AnimalFarm", "AnimalFarm\AnimalFarm.csproj", "{08DEE9D7-D8F0-4B99-A408-CDF3B956B63A}"
EndProject
Project("{9A19103F-16F7-4668-BE54-9A1E7A4F7556}") = "ShoppingSpree", "ShoppingSpree\ShoppingSpree.csproj", "{B64EFA6C-6D0F-44C3-B75B-C62AD1DA58E7}"
EndProject
Project("{9A19103F-16F7-4668-BE54-9A1E7A4F7556}") = "FootballTeamGenerator", "FootballTeamGenerator\FootballTeamGenerator.csproj", "{B768E1F7-4F28-43D1-BD71-77B2CB8ACF4B}"
EndProject
Project("{FAE04EC0-301F-11D3-BF4B-00C04F79EFBC}") = "PizzaCalories", "PizzaCalories\PizzaCalories.csproj", "{9CD55177-82C7-423B-9664-CB084B5EBD70}"
EndProject
Global
	GlobalSection(SolutionConfigurationPlatforms) = preSolution
		Debug|Any CPU = Debug|Any CPU
		Release|Any CPU = Release|Any CPU
	EndGlobalSection
	GlobalSection(ProjectConfigurationPlatforms) = postSolution
		{37162118-D40C-4F88-97E2-2C7D9D2272C1}.Debug|Any CPU.ActiveCfg = Debug|Any CPU
		{37162118-D40C-4F88-97E2-2C7D9D2272C1}.Debug|Any CPU.Build.0 = Debug|Any CPU
		{37162118-D40C-4F88-97E2-2C7D9D2272C1}.Release|Any CPU.ActiveCfg = Release|Any CPU
		{37162118-D40C-4F88-97E2-2C7D9D2272C1}.Release|Any CPU.Build.0 = Release|Any CPU
		{08DEE9D7-D8F0-4B99-A408-CDF3B956B63A}.Debug|Any CPU.ActiveCfg = Debug|Any CPU
		{08DEE9D7-D8F0-4B99-A408-CDF3B956B63A}.Debug|Any CPU.Build.0 = Debug|Any CPU
		{08DEE9D7-D8F0-4B99-A408-CDF3B956B63A}.Release|Any CPU.ActiveCfg = Release|Any CPU
		{08DEE9D7-D8F0-4B99-A408-CDF3B956B63A}.Release|Any CPU.Build.0 = Release|Any CPU
		{B64EFA6C-6D0F-44C3-B75B-C62AD1DA58E7}.Debug|Any CPU.ActiveCfg = Debug|Any CPU
		{B64EFA6C-6D0F-44C3-B75B-C62AD1DA58E7}.Debug|Any CPU.Build.0 = Debug|Any CPU
		{B64EFA6C-6D0F-44C3-B75B-C62AD1DA58E7}.Release|Any CPU.ActiveCfg = Release|Any CPU
		{B64EFA6C-6D0F-44C3-B75B-C62AD1DA58E7}.Release|Any CPU.Build.0 = Release|Any CPU
		{B768E1F7-4F28-43D1-BD71-77B2CB8ACF4B}.Debug|Any CPU.ActiveCfg = Debug|Any CPU
		{B768E1F7-4F28-43D1-BD71-77B2CB8ACF4B}.Debug|Any CPU.Build.0 = Debug|Any CPU
		{B768E1F7-4F28-43D1-BD71-77B2CB8ACF4B}.Release|Any CPU.ActiveCfg = Release|Any CPU
		{B768E1F7-4F28-43D1-BD71-77B2CB8ACF4B}.Release|Any CPU.Build.0 = Release|Any CPU
		{9CD55177-82C7-423B-9664-CB084B5EBD70}.Debug|Any CPU.ActiveCfg = Debug|Any CPU
		{9CD55177-82C7-423B-9664-CB084B5EBD70}.Debug|Any CPU.Build.0 = Debug|Any CPU
		{9CD55177-82C7-423B-9664-CB084B5EBD70}.Release|Any CPU.ActiveCfg = Release|Any CPU
		{9CD55177-82C7-423B-9664-CB084B5EBD70}.Release|Any CPU.Build.0 = Release|Any CPU
	EndGlobalSection
	GlobalSection(SolutionProperties) = preSolution
		HideSolutionNode = FALSE
	EndGlobalSection
	GlobalSection(ExtensibilityGlobals) = postSolution
		SolutionGuid = {30F145DE-4125-4416-84B4-8384D609C7FD}
	EndGlobalSection
EndGlobal
