
Microsoft Visual Studio Solution File, Format Version 12.00
# Visual Studio Version 16
VisualStudioVersion = 16.0.29418.71
MinimumVisualStudioVersion = 10.0.40219.1
Project("{9A19103F-16F7-4668-BE54-9A1E7A4F7556}") = "01InitialSetup", "01InitialSetup\01InitialSetup.csproj", "{14284BFC-5EBB-49E7-B12C-F0BD9CEC75C1}"
EndProject
Project("{9A19103F-16F7-4668-BE54-9A1E7A4F7556}") = "02VillainNames", "02VillainNames\02VillainNames.csproj", "{1D6E6EDD-F948-4407-81A3-F1D5ACC54DAC}"
EndProject
Project("{9A19103F-16F7-4668-BE54-9A1E7A4F7556}") = "06RemoveVillain", "06RemoveVillain\06RemoveVillain.csproj", "{59CDA8A5-E28B-44C6-A286-1E1B3E3472E1}"
EndProject
Project("{9A19103F-16F7-4668-BE54-9A1E7A4F7556}") = "03MinionNames", "03MinionNames\03MinionNames.csproj", "{A46C7B3D-999A-454E-94FA-CA65010E92F3}"
EndProject
Project("{9A19103F-16F7-4668-BE54-9A1E7A4F7556}") = "04AddMinion", "04AddMinion\04AddMinion.csproj", "{510D8521-4CA0-4260-8477-5507AF21C4E5}"
EndProject
Project("{9A19103F-16F7-4668-BE54-9A1E7A4F7556}") = "05ChangeTownNamesCasing", "05ChangeTownNamesCasing\05ChangeTownNamesCasing.csproj", "{194BD1E9-0869-484D-8DB6-823F50D89CB8}"
EndProject
Project("{9A19103F-16F7-4668-BE54-9A1E7A4F7556}") = "07PrintAllMinionNames", "07PrintAllMinionNames\07PrintAllMinionNames.csproj", "{859E5AC8-B7CA-49A2-82AD-64AF58D3E810}"
EndProject
Project("{FAE04EC0-301F-11D3-BF4B-00C04F79EFBC}") = "08IncreaseMinionAge", "08IncreaseMinionAge\08IncreaseMinionAge.csproj", "{D5AE973E-5A44-4601-8CB7-98F473553FC8}"
EndProject
Project("{FAE04EC0-301F-11D3-BF4B-00C04F79EFBC}") = "09IncreaseAgeStoredProcedure", "09IncreaseAgeStoredProcedure\09IncreaseAgeStoredProcedure.csproj", "{DBCA169C-239E-4925-A8EB-0350AF26B371}"
EndProject
Global
	GlobalSection(SolutionConfigurationPlatforms) = preSolution
		Debug|Any CPU = Debug|Any CPU
		Release|Any CPU = Release|Any CPU
	EndGlobalSection
	GlobalSection(ProjectConfigurationPlatforms) = postSolution
		{14284BFC-5EBB-49E7-B12C-F0BD9CEC75C1}.Debug|Any CPU.ActiveCfg = Debug|Any CPU
		{14284BFC-5EBB-49E7-B12C-F0BD9CEC75C1}.Debug|Any CPU.Build.0 = Debug|Any CPU
		{14284BFC-5EBB-49E7-B12C-F0BD9CEC75C1}.Release|Any CPU.ActiveCfg = Release|Any CPU
		{14284BFC-5EBB-49E7-B12C-F0BD9CEC75C1}.Release|Any CPU.Build.0 = Release|Any CPU
		{1D6E6EDD-F948-4407-81A3-F1D5ACC54DAC}.Debug|Any CPU.ActiveCfg = Debug|Any CPU
		{1D6E6EDD-F948-4407-81A3-F1D5ACC54DAC}.Debug|Any CPU.Build.0 = Debug|Any CPU
		{1D6E6EDD-F948-4407-81A3-F1D5ACC54DAC}.Release|Any CPU.ActiveCfg = Release|Any CPU
		{1D6E6EDD-F948-4407-81A3-F1D5ACC54DAC}.Release|Any CPU.Build.0 = Release|Any CPU
		{59CDA8A5-E28B-44C6-A286-1E1B3E3472E1}.Debug|Any CPU.ActiveCfg = Debug|Any CPU
		{59CDA8A5-E28B-44C6-A286-1E1B3E3472E1}.Debug|Any CPU.Build.0 = Debug|Any CPU
		{59CDA8A5-E28B-44C6-A286-1E1B3E3472E1}.Release|Any CPU.ActiveCfg = Release|Any CPU
		{59CDA8A5-E28B-44C6-A286-1E1B3E3472E1}.Release|Any CPU.Build.0 = Release|Any CPU
		{A46C7B3D-999A-454E-94FA-CA65010E92F3}.Debug|Any CPU.ActiveCfg = Debug|Any CPU
		{A46C7B3D-999A-454E-94FA-CA65010E92F3}.Debug|Any CPU.Build.0 = Debug|Any CPU
		{A46C7B3D-999A-454E-94FA-CA65010E92F3}.Release|Any CPU.ActiveCfg = Release|Any CPU
		{A46C7B3D-999A-454E-94FA-CA65010E92F3}.Release|Any CPU.Build.0 = Release|Any CPU
		{510D8521-4CA0-4260-8477-5507AF21C4E5}.Debug|Any CPU.ActiveCfg = Debug|Any CPU
		{510D8521-4CA0-4260-8477-5507AF21C4E5}.Debug|Any CPU.Build.0 = Debug|Any CPU
		{510D8521-4CA0-4260-8477-5507AF21C4E5}.Release|Any CPU.ActiveCfg = Release|Any CPU
		{510D8521-4CA0-4260-8477-5507AF21C4E5}.Release|Any CPU.Build.0 = Release|Any CPU
		{194BD1E9-0869-484D-8DB6-823F50D89CB8}.Debug|Any CPU.ActiveCfg = Debug|Any CPU
		{194BD1E9-0869-484D-8DB6-823F50D89CB8}.Debug|Any CPU.Build.0 = Debug|Any CPU
		{194BD1E9-0869-484D-8DB6-823F50D89CB8}.Release|Any CPU.ActiveCfg = Release|Any CPU
		{194BD1E9-0869-484D-8DB6-823F50D89CB8}.Release|Any CPU.Build.0 = Release|Any CPU
		{859E5AC8-B7CA-49A2-82AD-64AF58D3E810}.Debug|Any CPU.ActiveCfg = Debug|Any CPU
		{859E5AC8-B7CA-49A2-82AD-64AF58D3E810}.Debug|Any CPU.Build.0 = Debug|Any CPU
		{859E5AC8-B7CA-49A2-82AD-64AF58D3E810}.Release|Any CPU.ActiveCfg = Release|Any CPU
		{859E5AC8-B7CA-49A2-82AD-64AF58D3E810}.Release|Any CPU.Build.0 = Release|Any CPU
		{D5AE973E-5A44-4601-8CB7-98F473553FC8}.Debug|Any CPU.ActiveCfg = Debug|Any CPU
		{D5AE973E-5A44-4601-8CB7-98F473553FC8}.Debug|Any CPU.Build.0 = Debug|Any CPU
		{D5AE973E-5A44-4601-8CB7-98F473553FC8}.Release|Any CPU.ActiveCfg = Release|Any CPU
		{D5AE973E-5A44-4601-8CB7-98F473553FC8}.Release|Any CPU.Build.0 = Release|Any CPU
		{DBCA169C-239E-4925-A8EB-0350AF26B371}.Debug|Any CPU.ActiveCfg = Debug|Any CPU
		{DBCA169C-239E-4925-A8EB-0350AF26B371}.Debug|Any CPU.Build.0 = Debug|Any CPU
		{DBCA169C-239E-4925-A8EB-0350AF26B371}.Release|Any CPU.ActiveCfg = Release|Any CPU
		{DBCA169C-239E-4925-A8EB-0350AF26B371}.Release|Any CPU.Build.0 = Release|Any CPU
	EndGlobalSection
	GlobalSection(SolutionProperties) = preSolution
		HideSolutionNode = FALSE
	EndGlobalSection
	GlobalSection(ExtensibilityGlobals) = postSolution
		SolutionGuid = {C5F3C3AD-13C8-4405-9455-7E2E0338322A}
	EndGlobalSection
EndGlobal
