
Microsoft Visual Studio Solution File, Format Version 12.00
# Visual Studio Version 16
VisualStudioVersion = 16.0.29009.5
MinimumVisualStudioVersion = 10.0.40219.1
Project("{9A19103F-16F7-4668-BE54-9A1E7A4F7556}") = "TrojanInvasion", "TrojanInvasion\TrojanInvasion.csproj", "{0430BB36-EED6-4650-BAFA-B653CECD6903}"
EndProject
Project("{9A19103F-16F7-4668-BE54-9A1E7A4F7556}") = "FightingArena", "FightingArena\FightingArena\FightingArena.csproj", "{B757A398-1249-45B1-B7B7-D010E9E9FADB}"
EndProject
Project("{FAE04EC0-301F-11D3-BF4B-00C04F79EFBC}") = "HelensAbduction", "HelensAbduction\HelensAbduction.csproj", "{51AB4E94-C6BC-4CAE-8C1F-FD5CFAB591E4}"
EndProject
Global
	GlobalSection(SolutionConfigurationPlatforms) = preSolution
		Debug|Any CPU = Debug|Any CPU
		Release|Any CPU = Release|Any CPU
	EndGlobalSection
	GlobalSection(ProjectConfigurationPlatforms) = postSolution
		{0430BB36-EED6-4650-BAFA-B653CECD6903}.Debug|Any CPU.ActiveCfg = Debug|Any CPU
		{0430BB36-EED6-4650-BAFA-B653CECD6903}.Debug|Any CPU.Build.0 = Debug|Any CPU
		{0430BB36-EED6-4650-BAFA-B653CECD6903}.Release|Any CPU.ActiveCfg = Release|Any CPU
		{0430BB36-EED6-4650-BAFA-B653CECD6903}.Release|Any CPU.Build.0 = Release|Any CPU
		{B757A398-1249-45B1-B7B7-D010E9E9FADB}.Debug|Any CPU.ActiveCfg = Debug|Any CPU
		{B757A398-1249-45B1-B7B7-D010E9E9FADB}.Debug|Any CPU.Build.0 = Debug|Any CPU
		{B757A398-1249-45B1-B7B7-D010E9E9FADB}.Release|Any CPU.ActiveCfg = Release|Any CPU
		{B757A398-1249-45B1-B7B7-D010E9E9FADB}.Release|Any CPU.Build.0 = Release|Any CPU
		{51AB4E94-C6BC-4CAE-8C1F-FD5CFAB591E4}.Debug|Any CPU.ActiveCfg = Debug|Any CPU
		{51AB4E94-C6BC-4CAE-8C1F-FD5CFAB591E4}.Debug|Any CPU.Build.0 = Debug|Any CPU
		{51AB4E94-C6BC-4CAE-8C1F-FD5CFAB591E4}.Release|Any CPU.ActiveCfg = Release|Any CPU
		{51AB4E94-C6BC-4CAE-8C1F-FD5CFAB591E4}.Release|Any CPU.Build.0 = Release|Any CPU
	EndGlobalSection
	GlobalSection(SolutionProperties) = preSolution
		HideSolutionNode = FALSE
	EndGlobalSection
	GlobalSection(ExtensibilityGlobals) = postSolution
		SolutionGuid = {631AC331-7ADE-4226-899D-38909838539F}
	EndGlobalSection
EndGlobal
